
Microsoft Visual Studio Solution File, Format Version 12.00
# Visual Studio Version 16
VisualStudioVersion = 16.0.30104.148
MinimumVisualStudioVersion = 10.0.40219.1
Project("{FAE04EC0-301F-11D3-BF4B-00C04F79EFBC}") = "Acbar", "Acbar.csproj", "{20429486-9CB6-443A-B1B1-911E2588E579}"
EndProject
Global
	GlobalSection(SolutionConfigurationPlatforms) = preSolution
		Debug|Any CPU = Debug|Any CPU
		Release|Any CPU = Release|Any CPU
	EndGlobalSection
	GlobalSection(ProjectConfigurationPlatforms) = postSolution
		{20429486-9CB6-443A-B1B1-911E2588E579}.Debug|Any CPU.ActiveCfg = Debug|Any CPU
		{20429486-9CB6-443A-B1B1-911E2588E579}.Debug|Any CPU.Build.0 = Debug|Any CPU
		{20429486-9CB6-443A-B1B1-911E2588E579}.Release|Any CPU.ActiveCfg = Release|Any CPU
		{20429486-9CB6-443A-B1B1-911E2588E579}.Release|Any CPU.Build.0 = Release|Any CPU
	EndGlobalSection
	GlobalSection(SolutionProperties) = preSolution
		HideSolutionNode = FALSE
	EndGlobalSection
	GlobalSection(ExtensibilityGlobals) = postSolution
		SolutionGuid = {266C1D7E-D863-42A1-9C8F-3B128691A041}
	EndGlobalSection
EndGlobal
